// !$*UTF8*$!
{
	archiveVersion = 1;
	classes = {
	};
	objectVersion = 55;
	objects = {

/* Begin PBXBuildFile section */
		226341FACB39E0E981097643 /* Pods_My_Dogs_My_DogsUITests.framework in Frameworks */ = {isa = PBXBuildFile; fileRef = CCE255A70386B18F1C054A87 /* Pods_My_Dogs_My_DogsUITests.framework */; };
		3A449D9227607DB700610603 /* AppDelegate.swift in Sources */ = {isa = PBXBuildFile; fileRef = 3A449D9127607DB700610603 /* AppDelegate.swift */; };
		3A449D9427607DB700610603 /* SceneDelegate.swift in Sources */ = {isa = PBXBuildFile; fileRef = 3A449D9327607DB700610603 /* SceneDelegate.swift */; };
		3A449D9627607DB700610603 /* ViewController.swift in Sources */ = {isa = PBXBuildFile; fileRef = 3A449D9527607DB700610603 /* ViewController.swift */; };
		3A449D9927607DB700610603 /* Main.storyboard in Resources */ = {isa = PBXBuildFile; fileRef = 3A449D9727607DB700610603 /* Main.storyboard */; };
		3A449D9C27607DB700610603 /* My_Dogs.xcdatamodeld in Sources */ = {isa = PBXBuildFile; fileRef = 3A449D9A27607DB700610603 /* My_Dogs.xcdatamodeld */; };
		3A449D9E27607DB900610603 /* Assets.xcassets in Resources */ = {isa = PBXBuildFile; fileRef = 3A449D9D27607DB900610603 /* Assets.xcassets */; };
		3A449DA127607DB900610603 /* LaunchScreen.storyboard in Resources */ = {isa = PBXBuildFile; fileRef = 3A449D9F27607DB900610603 /* LaunchScreen.storyboard */; };
		3A449DAC27607DB900610603 /* My_DogsTests.swift in Sources */ = {isa = PBXBuildFile; fileRef = 3A449DAB27607DB900610603 /* My_DogsTests.swift */; };
		3A449DB627607DB900610603 /* My_DogsUITests.swift in Sources */ = {isa = PBXBuildFile; fileRef = 3A449DB527607DB900610603 /* My_DogsUITests.swift */; };
		3A449DB827607DB900610603 /* My_DogsUITestsLaunchTests.swift in Sources */ = {isa = PBXBuildFile; fileRef = 3A449DB727607DB900610603 /* My_DogsUITestsLaunchTests.swift */; };
		3A449DC5276090C000610603 /* addpicViewController.swift in Sources */ = {isa = PBXBuildFile; fileRef = 3A449DC4276090C000610603 /* addpicViewController.swift */; };
		3A449DC7276090CE00610603 /* editpicViewController.swift in Sources */ = {isa = PBXBuildFile; fileRef = 3A449DC6276090CE00610603 /* editpicViewController.swift */; };
		3A63E5BF2771D7A800205C27 /* dogCollectionViewCell.swift in Sources */ = {isa = PBXBuildFile; fileRef = 3A63E5BE2771D7A800205C27 /* dogCollectionViewCell.swift */; };
		7E7AD6FA9F6629497A7B70A4 /* Pods_My_DogsTests.framework in Frameworks */ = {isa = PBXBuildFile; fileRef = 00354F23E00006F7DC2D28C3 /* Pods_My_DogsTests.framework */; };
		C61B31F31A65773D80DAADAA /* Pods_My_Dogs.framework in Frameworks */ = {isa = PBXBuildFile; fileRef = C4CB21E83955A26F9022F476 /* Pods_My_Dogs.framework */; };
/* End PBXBuildFile section */

/* Begin PBXContainerItemProxy section */
		3A449DA827607DB900610603 /* PBXContainerItemProxy */ = {
			isa = PBXContainerItemProxy;
			containerPortal = 3A449D8627607DB700610603 /* Project object */;
			proxyType = 1;
			remoteGlobalIDString = 3A449D8D27607DB700610603;
			remoteInfo = "My Dogs";
		};
		3A449DB227607DB900610603 /* PBXContainerItemProxy */ = {
			isa = PBXContainerItemProxy;
			containerPortal = 3A449D8627607DB700610603 /* Project object */;
			proxyType = 1;
			remoteGlobalIDString = 3A449D8D27607DB700610603;
			remoteInfo = "My Dogs";
		};
/* End PBXContainerItemProxy section */

/* Begin PBXFileReference section */
		00354F23E00006F7DC2D28C3 /* Pods_My_DogsTests.framework */ = {isa = PBXFileReference; explicitFileType = wrapper.framework; includeInIndex = 0; path = Pods_My_DogsTests.framework; sourceTree = BUILT_PRODUCTS_DIR; };
		35B9B3D8E790731DE5B67BE0 /* Pods-My DogsTests.release.xcconfig */ = {isa = PBXFileReference; includeInIndex = 1; lastKnownFileType = text.xcconfig; name = "Pods-My DogsTests.release.xcconfig"; path = "Target Support Files/Pods-My DogsTests/Pods-My DogsTests.release.xcconfig"; sourceTree = "<group>"; };
		36792471686CD19F6D53DAB1 /* Pods-My DogsTests.debug.xcconfig */ = {isa = PBXFileReference; includeInIndex = 1; lastKnownFileType = text.xcconfig; name = "Pods-My DogsTests.debug.xcconfig"; path = "Target Support Files/Pods-My DogsTests/Pods-My DogsTests.debug.xcconfig"; sourceTree = "<group>"; };
		3A449D8E27607DB700610603 /* My Dogs.app */ = {isa = PBXFileReference; explicitFileType = wrapper.application; includeInIndex = 0; path = "My Dogs.app"; sourceTree = BUILT_PRODUCTS_DIR; };
		3A449D9127607DB700610603 /* AppDelegate.swift */ = {isa = PBXFileReference; lastKnownFileType = sourcecode.swift; path = AppDelegate.swift; sourceTree = "<group>"; };
		3A449D9327607DB700610603 /* SceneDelegate.swift */ = {isa = PBXFileReference; lastKnownFileType = sourcecode.swift; path = SceneDelegate.swift; sourceTree = "<group>"; };
		3A449D9527607DB700610603 /* ViewController.swift */ = {isa = PBXFileReference; lastKnownFileType = sourcecode.swift; path = ViewController.swift; sourceTree = "<group>"; };
		3A449D9827607DB700610603 /* Base */ = {isa = PBXFileReference; lastKnownFileType = file.storyboard; name = Base; path = Base.lproj/Main.storyboard; sourceTree = "<group>"; };
		3A449D9B27607DB700610603 /* My_Dogs.xcdatamodel */ = {isa = PBXFileReference; lastKnownFileType = wrapper.xcdatamodel; path = My_Dogs.xcdatamodel; sourceTree = "<group>"; };
		3A449D9D27607DB900610603 /* Assets.xcassets */ = {isa = PBXFileReference; lastKnownFileType = folder.assetcatalog; path = Assets.xcassets; sourceTree = "<group>"; };
		3A449DA027607DB900610603 /* Base */ = {isa = PBXFileReference; lastKnownFileType = file.storyboard; name = Base; path = Base.lproj/LaunchScreen.storyboard; sourceTree = "<group>"; };
		3A449DA227607DB900610603 /* Info.plist */ = {isa = PBXFileReference; lastKnownFileType = text.plist.xml; path = Info.plist; sourceTree = "<group>"; };
		3A449DA727607DB900610603 /* My DogsTests.xctest */ = {isa = PBXFileReference; explicitFileType = wrapper.cfbundle; includeInIndex = 0; path = "My DogsTests.xctest"; sourceTree = BUILT_PRODUCTS_DIR; };
		3A449DAB27607DB900610603 /* My_DogsTests.swift */ = {isa = PBXFileReference; lastKnownFileType = sourcecode.swift; path = My_DogsTests.swift; sourceTree = "<group>"; };
		3A449DB127607DB900610603 /* My DogsUITests.xctest */ = {isa = PBXFileReference; explicitFileType = wrapper.cfbundle; includeInIndex = 0; path = "My DogsUITests.xctest"; sourceTree = BUILT_PRODUCTS_DIR; };
		3A449DB527607DB900610603 /* My_DogsUITests.swift */ = {isa = PBXFileReference; lastKnownFileType = sourcecode.swift; path = My_DogsUITests.swift; sourceTree = "<group>"; };
		3A449DB727607DB900610603 /* My_DogsUITestsLaunchTests.swift */ = {isa = PBXFileReference; lastKnownFileType = sourcecode.swift; path = My_DogsUITestsLaunchTests.swift; sourceTree = "<group>"; };
		3A449DC4276090C000610603 /* addpicViewController.swift */ = {isa = PBXFileReference; lastKnownFileType = sourcecode.swift; path = addpicViewController.swift; sourceTree = "<group>"; };
		3A449DC6276090CE00610603 /* editpicViewController.swift */ = {isa = PBXFileReference; lastKnownFileType = sourcecode.swift; path = editpicViewController.swift; sourceTree = "<group>"; };
		3A63E5BE2771D7A800205C27 /* dogCollectionViewCell.swift */ = {isa = PBXFileReference; lastKnownFileType = sourcecode.swift; path = dogCollectionViewCell.swift; sourceTree = "<group>"; };
		656ACFEA872DE0B398D0E98E /* Pods-My Dogs-My DogsUITests.release.xcconfig */ = {isa = PBXFileReference; includeInIndex = 1; lastKnownFileType = text.xcconfig; name = "Pods-My Dogs-My DogsUITests.release.xcconfig"; path = "Target Support Files/Pods-My Dogs-My DogsUITests/Pods-My Dogs-My DogsUITests.release.xcconfig"; sourceTree = "<group>"; };
		9D8486954CC5FFB871265236 /* Pods-My Dogs.release.xcconfig */ = {isa = PBXFileReference; includeInIndex = 1; lastKnownFileType = text.xcconfig; name = "Pods-My Dogs.release.xcconfig"; path = "Target Support Files/Pods-My Dogs/Pods-My Dogs.release.xcconfig"; sourceTree = "<group>"; };
		C4CB21E83955A26F9022F476 /* Pods_My_Dogs.framework */ = {isa = PBXFileReference; explicitFileType = wrapper.framework; includeInIndex = 0; path = Pods_My_Dogs.framework; sourceTree = BUILT_PRODUCTS_DIR; };
		C939263242A30754567196C4 /* Pods-My Dogs-My DogsUITests.debug.xcconfig */ = {isa = PBXFileReference; includeInIndex = 1; lastKnownFileType = text.xcconfig; name = "Pods-My Dogs-My DogsUITests.debug.xcconfig"; path = "Target Support Files/Pods-My Dogs-My DogsUITests/Pods-My Dogs-My DogsUITests.debug.xcconfig"; sourceTree = "<group>"; };
		CCE255A70386B18F1C054A87 /* Pods_My_Dogs_My_DogsUITests.framework */ = {isa = PBXFileReference; explicitFileType = wrapper.framework; includeInIndex = 0; path = Pods_My_Dogs_My_DogsUITests.framework; sourceTree = BUILT_PRODUCTS_DIR; };
		CFAD73B32387E952089A4AE4 /* Pods-My Dogs.debug.xcconfig */ = {isa = PBXFileReference; includeInIndex = 1; lastKnownFileType = text.xcconfig; name = "Pods-My Dogs.debug.xcconfig"; path = "Target Support Files/Pods-My Dogs/Pods-My Dogs.debug.xcconfig"; sourceTree = "<group>"; };
/* End PBXFileReference section */

/* Begin PBXFrameworksBuildPhase section */
		3A449D8B27607DB700610603 /* Frameworks */ = {
			isa = PBXFrameworksBuildPhase;
			buildActionMask = 2147483647;
			files = (
				C61B31F31A65773D80DAADAA /* Pods_My_Dogs.framework in Frameworks */,
			);
			runOnlyForDeploymentPostprocessing = 0;
		};
		3A449DA427607DB900610603 /* Frameworks */ = {
			isa = PBXFrameworksBuildPhase;
			buildActionMask = 2147483647;
			files = (
				7E7AD6FA9F6629497A7B70A4 /* Pods_My_DogsTests.framework in Frameworks */,
			);
			runOnlyForDeploymentPostprocessing = 0;
		};
		3A449DAE27607DB900610603 /* Frameworks */ = {
			isa = PBXFrameworksBuildPhase;
			buildActionMask = 2147483647;
			files = (
				226341FACB39E0E981097643 /* Pods_My_Dogs_My_DogsUITests.framework in Frameworks */,
			);
			runOnlyForDeploymentPostprocessing = 0;
		};
/* End PBXFrameworksBuildPhase section */

/* Begin PBXGroup section */
		3A449D8527607DB700610603 = {
			isa = PBXGroup;
			children = (
				3A449D9027607DB700610603 /* My Dogs */,
				3A449DAA27607DB900610603 /* My DogsTests */,
				3A449DB427607DB900610603 /* My DogsUITests */,
				3A449D8F27607DB700610603 /* Products */,
				525CAB3E892F0CC348078ED0 /* Pods */,
				EE12FFB06CE35547D7ACE14E /* Frameworks */,
			);
			sourceTree = "<group>";
		};
		3A449D8F27607DB700610603 /* Products */ = {
			isa = PBXGroup;
			children = (
				3A449D8E27607DB700610603 /* My Dogs.app */,
				3A449DA727607DB900610603 /* My DogsTests.xctest */,
				3A449DB127607DB900610603 /* My DogsUITests.xctest */,
			);
			name = Products;
			sourceTree = "<group>";
		};
		3A449D9027607DB700610603 /* My Dogs */ = {
			isa = PBXGroup;
			children = (
				3A449D9127607DB700610603 /* AppDelegate.swift */,
				3A449D9327607DB700610603 /* SceneDelegate.swift */,
				3A449D9527607DB700610603 /* ViewController.swift */,
				3A449D9727607DB700610603 /* Main.storyboard */,
				3A63E5BE2771D7A800205C27 /* dogCollectionViewCell.swift */,
				3A449DC4276090C000610603 /* addpicViewController.swift */,
				3A449DC6276090CE00610603 /* editpicViewController.swift */,
				3A449D9D27607DB900610603 /* Assets.xcassets */,
				3A449D9F27607DB900610603 /* LaunchScreen.storyboard */,
				3A449DA227607DB900610603 /* Info.plist */,
				3A449D9A27607DB700610603 /* My_Dogs.xcdatamodeld */,
			);
			path = "My Dogs";
			sourceTree = "<group>";
		};
		3A449DAA27607DB900610603 /* My DogsTests */ = {
			isa = PBXGroup;
			children = (
				3A449DAB27607DB900610603 /* My_DogsTests.swift */,
			);
			path = "My DogsTests";
			sourceTree = "<group>";
		};
		3A449DB427607DB900610603 /* My DogsUITests */ = {
			isa = PBXGroup;
			children = (
				3A449DB527607DB900610603 /* My_DogsUITests.swift */,
				3A449DB727607DB900610603 /* My_DogsUITestsLaunchTests.swift */,
			);
			path = "My DogsUITests";
			sourceTree = "<group>";
		};
		525CAB3E892F0CC348078ED0 /* Pods */ = {
			isa = PBXGroup;
			children = (
				CFAD73B32387E952089A4AE4 /* Pods-My Dogs.debug.xcconfig */,
				9D8486954CC5FFB871265236 /* Pods-My Dogs.release.xcconfig */,
				C939263242A30754567196C4 /* Pods-My Dogs-My DogsUITests.debug.xcconfig */,
				656ACFEA872DE0B398D0E98E /* Pods-My Dogs-My DogsUITests.release.xcconfig */,
				36792471686CD19F6D53DAB1 /* Pods-My DogsTests.debug.xcconfig */,
				35B9B3D8E790731DE5B67BE0 /* Pods-My DogsTests.release.xcconfig */,
			);
			path = Pods;
			sourceTree = "<group>";
		};
		EE12FFB06CE35547D7ACE14E /* Frameworks */ = {
			isa = PBXGroup;
			children = (
				C4CB21E83955A26F9022F476 /* Pods_My_Dogs.framework */,
				CCE255A70386B18F1C054A87 /* Pods_My_Dogs_My_DogsUITests.framework */,
				00354F23E00006F7DC2D28C3 /* Pods_My_DogsTests.framework */,
			);
			name = Frameworks;
			sourceTree = "<group>";
		};
/* End PBXGroup section */

/* Begin PBXNativeTarget section */
		3A449D8D27607DB700610603 /* My Dogs */ = {
			isa = PBXNativeTarget;
			buildConfigurationList = 3A449DBB27607DB900610603 /* Build configuration list for PBXNativeTarget "My Dogs" */;
			buildPhases = (
				CFD76645816D76ED69B0EEFA /* [CP] Check Pods Manifest.lock */,
				3A449D8A27607DB700610603 /* Sources */,
				3A449D8B27607DB700610603 /* Frameworks */,
				3A449D8C27607DB700610603 /* Resources */,
			);
			buildRules = (
			);
			dependencies = (
			);
			name = "My Dogs";
			productName = "My Dogs";
			productReference = 3A449D8E27607DB700610603 /* My Dogs.app */;
			productType = "com.apple.product-type.application";
		};
		3A449DA627607DB900610603 /* My DogsTests */ = {
			isa = PBXNativeTarget;
			buildConfigurationList = 3A449DBE27607DB900610603 /* Build configuration list for PBXNativeTarget "My DogsTests" */;
			buildPhases = (
				9C424501EFDC202A0EC05954 /* [CP] Check Pods Manifest.lock */,
				3A449DA327607DB900610603 /* Sources */,
				3A449DA427607DB900610603 /* Frameworks */,
				3A449DA527607DB900610603 /* Resources */,
			);
			buildRules = (
			);
			dependencies = (
				3A449DA927607DB900610603 /* PBXTargetDependency */,
			);
			name = "My DogsTests";
			productName = "My DogsTests";
			productReference = 3A449DA727607DB900610603 /* My DogsTests.xctest */;
			productType = "com.apple.product-type.bundle.unit-test";
		};
		3A449DB027607DB900610603 /* My DogsUITests */ = {
			isa = PBXNativeTarget;
			buildConfigurationList = 3A449DC127607DB900610603 /* Build configuration list for PBXNativeTarget "My DogsUITests" */;
			buildPhases = (
				0B3272D35A8F6656E0E55EB0 /* [CP] Check Pods Manifest.lock */,
				3A449DAD27607DB900610603 /* Sources */,
				3A449DAE27607DB900610603 /* Frameworks */,
				3A449DAF27607DB900610603 /* Resources */,
			);
			buildRules = (
			);
			dependencies = (
				3A449DB327607DB900610603 /* PBXTargetDependency */,
			);
			name = "My DogsUITests";
			productName = "My DogsUITests";
			productReference = 3A449DB127607DB900610603 /* My DogsUITests.xctest */;
			productType = "com.apple.product-type.bundle.ui-testing";
		};
/* End PBXNativeTarget section */

/* Begin PBXProject section */
		3A449D8627607DB700610603 /* Project object */ = {
			isa = PBXProject;
			attributes = {
				BuildIndependentTargetsInParallel = 1;
				LastSwiftUpdateCheck = 1310;
				LastUpgradeCheck = 1310;
				TargetAttributes = {
					3A449D8D27607DB700610603 = {
						CreatedOnToolsVersion = 13.1;
					};
					3A449DA627607DB900610603 = {
						CreatedOnToolsVersion = 13.1;
						TestTargetID = 3A449D8D27607DB700610603;
					};
					3A449DB027607DB900610603 = {
						CreatedOnToolsVersion = 13.1;
						TestTargetID = 3A449D8D27607DB700610603;
					};
				};
			};
			buildConfigurationList = 3A449D8927607DB700610603 /* Build configuration list for PBXProject "My Dogs" */;
			compatibilityVersion = "Xcode 13.0";
			developmentRegion = en;
			hasScannedForEncodings = 0;
			knownRegions = (
				en,
				Base,
			);
			mainGroup = 3A449D8527607DB700610603;
			productRefGroup = 3A449D8F27607DB700610603 /* Products */;
			projectDirPath = "";
			projectRoot = "";
			targets = (
				3A449D8D27607DB700610603 /* My Dogs */,
				3A449DA627607DB900610603 /* My DogsTests */,
				3A449DB027607DB900610603 /* My DogsUITests */,
			);
		};
/* End PBXProject section */

/* Begin PBXResourcesBuildPhase section */
		3A449D8C27607DB700610603 /* Resources */ = {
			isa = PBXResourcesBuildPhase;
			buildActionMask = 2147483647;
			files = (
				3A449DA127607DB900610603 /* LaunchScreen.storyboard in Resources */,
				3A449D9E27607DB900610603 /* Assets.xcassets in Resources */,
				3A449D9927607DB700610603 /* Main.storyboard in Resources */,
			);
			runOnlyForDeploymentPostprocessing = 0;
		};
		3A449DA527607DB900610603 /* Resources */ = {
			isa = PBXResourcesBuildPhase;
			buildActionMask = 2147483647;
			files = (
			);
			runOnlyForDeploymentPostprocessing = 0;
		};
		3A449DAF27607DB900610603 /* Resources */ = {
			isa = PBXResourcesBuildPhase;
			buildActionMask = 2147483647;
			files = (
			);
			runOnlyForDeploymentPostprocessing = 0;
		};
/* End PBXResourcesBuildPhase section */

/* Begin PBXShellScriptBuildPhase section */
		0B3272D35A8F6656E0E55EB0 /* [CP] Check Pods Manifest.lock */ = {
			isa = PBXShellScriptBuildPhase;
			buildActionMask = 2147483647;
			files = (
			);
			inputFileListPaths = (
			);
			inputPaths = (
				"${PODS_PODFILE_DIR_PATH}/Podfile.lock",
				"${PODS_ROOT}/Manifest.lock",
			);
			name = "[CP] Check Pods Manifest.lock";
			outputFileListPaths = (
			);
			outputPaths = (
				"$(DERIVED_FILE_DIR)/Pods-My Dogs-My DogsUITests-checkManifestLockResult.txt",
			);
			runOnlyForDeploymentPostprocessing = 0;
			shellPath = /bin/sh;
			shellScript = "diff \"${PODS_PODFILE_DIR_PATH}/Podfile.lock\" \"${PODS_ROOT}/Manifest.lock\" > /dev/null\nif [ $? != 0 ] ; then\n    # print error to STDERR\n    echo \"error: The sandbox is not in sync with the Podfile.lock. Run 'pod install' or update your CocoaPods installation.\" >&2\n    exit 1\nfi\n# This output is used by Xcode 'outputs' to avoid re-running this script phase.\necho \"SUCCESS\" > \"${SCRIPT_OUTPUT_FILE_0}\"\n";
			showEnvVarsInLog = 0;
		};
		9C424501EFDC202A0EC05954 /* [CP] Check Pods Manifest.lock */ = {
			isa = PBXShellScriptBuildPhase;
			buildActionMask = 2147483647;
			files = (
			);
			inputFileListPaths = (
			);
			inputPaths = (
				"${PODS_PODFILE_DIR_PATH}/Podfile.lock",
				"${PODS_ROOT}/Manifest.lock",
			);
			name = "[CP] Check Pods Manifest.lock";
			outputFileListPaths = (
			);
			outputPaths = (
				"$(DERIVED_FILE_DIR)/Pods-My DogsTests-checkManifestLockResult.txt",
			);
			runOnlyForDeploymentPostprocessing = 0;
			shellPath = /bin/sh;
			shellScript = "diff \"${PODS_PODFILE_DIR_PATH}/Podfile.lock\" \"${PODS_ROOT}/Manifest.lock\" > /dev/null\nif [ $? != 0 ] ; then\n    # print error to STDERR\n    echo \"error: The sandbox is not in sync with the Podfile.lock. Run 'pod install' or update your CocoaPods installation.\" >&2\n    exit 1\nfi\n# This output is used by Xcode 'outputs' to avoid re-running this script phase.\necho \"SUCCESS\" > \"${SCRIPT_OUTPUT_FILE_0}\"\n";
			showEnvVarsInLog = 0;
		};
		CFD76645816D76ED69B0EEFA /* [CP] Check Pods Manifest.lock */ = {
			isa = PBXShellScriptBuildPhase;
			buildActionMask = 2147483647;
			files = (
			);
			inputFileListPaths = (
			);
			inputPaths = (
				"${PODS_PODFILE_DIR_PATH}/Podfile.lock",
				"${PODS_ROOT}/Manifest.lock",
			);
			name = "[CP] Check Pods Manifest.lock";
			outputFileListPaths = (
			);
			outputPaths = (
				"$(DERIVED_FILE_DIR)/Pods-My Dogs-checkManifestLockResult.txt",
			);
			runOnlyForDeploymentPostprocessing = 0;
			shellPath = /bin/sh;
			shellScript = "diff \"${PODS_PODFILE_DIR_PATH}/Podfile.lock\" \"${PODS_ROOT}/Manifest.lock\" > /dev/null\nif [ $? != 0 ] ; then\n    # print error to STDERR\n    echo \"error: The sandbox is not in sync with the Podfile.lock. Run 'pod install' or update your CocoaPods installation.\" >&2\n    exit 1\nfi\n# This output is used by Xcode 'outputs' to avoid re-running this script phase.\necho \"SUCCESS\" > \"${SCRIPT_OUTPUT_FILE_0}\"\n";
			showEnvVarsInLog = 0;
		};
/* End PBXShellScriptBuildPhase section */

/* Begin PBXSourcesBuildPhase section */
		3A449D8A27607DB700610603 /* Sources */ = {
			isa = PBXSourcesBuildPhase;
			buildActionMask = 2147483647;
			files = (
				3A449D9627607DB700610603 /* ViewController.swift in Sources */,
				3A449DC5276090C000610603 /* addpicViewController.swift in Sources */,
				3A449D9227607DB700610603 /* AppDelegate.swift in Sources */,
				3A449DC7276090CE00610603 /* editpicViewController.swift in Sources */,
				3A449D9C27607DB700610603 /* My_Dogs.xcdatamodeld in Sources */,
				3A449D9427607DB700610603 /* SceneDelegate.swift in Sources */,
				3A63E5BF2771D7A800205C27 /* dogCollectionViewCell.swift in Sources */,
			);
			runOnlyForDeploymentPostprocessing = 0;
		};
		3A449DA327607DB900610603 /* Sources */ = {
			isa = PBXSourcesBuildPhase;
			buildActionMask = 2147483647;
			files = (
				3A449DAC27607DB900610603 /* My_DogsTests.swift in Sources */,
			);
			runOnlyForDeploymentPostprocessing = 0;
		};
		3A449DAD27607DB900610603 /* Sources */ = {
			isa = PBXSourcesBuildPhase;
			buildActionMask = 2147483647;
			files = (
				3A449DB627607DB900610603 /* My_DogsUITests.swift in Sources */,
				3A449DB827607DB900610603 /* My_DogsUITestsLaunchTests.swift in Sources */,
			);
			runOnlyForDeploymentPostprocessing = 0;
		};
/* End PBXSourcesBuildPhase section */

/* Begin PBXTargetDependency section */
		3A449DA927607DB900610603 /* PBXTargetDependency */ = {
			isa = PBXTargetDependency;
			target = 3A449D8D27607DB700610603 /* My Dogs */;
			targetProxy = 3A449DA827607DB900610603 /* PBXContainerItemProxy */;
		};
		3A449DB327607DB900610603 /* PBXTargetDependency */ = {
			isa = PBXTargetDependency;
			target = 3A449D8D27607DB700610603 /* My Dogs */;
			targetProxy = 3A449DB227607DB900610603 /* PBXContainerItemProxy */;
		};
/* End PBXTargetDependency section */

/* Begin PBXVariantGroup section */
		3A449D9727607DB700610603 /* Main.storyboard */ = {
			isa = PBXVariantGroup;
			children = (
				3A449D9827607DB700610603 /* Base */,
			);
			name = Main.storyboard;
			sourceTree = "<group>";
		};
		3A449D9F27607DB900610603 /* LaunchScreen.storyboard */ = {
			isa = PBXVariantGroup;
			children = (
				3A449DA027607DB900610603 /* Base */,
			);
			name = LaunchScreen.storyboard;
			sourceTree = "<group>";
		};
/* End PBXVariantGroup section */

/* Begin XCBuildConfiguration section */
		3A449DB927607DB900610603 /* Debug */ = {
			isa = XCBuildConfiguration;
			buildSettings = {
				ALWAYS_SEARCH_USER_PATHS = NO;
				CLANG_ANALYZER_NONNULL = YES;
				CLANG_ANALYZER_NUMBER_OBJECT_CONVERSION = YES_AGGRESSIVE;
				CLANG_CXX_LANGUAGE_STANDARD = "gnu++17";
				CLANG_CXX_LIBRARY = "libc++";
				CLANG_ENABLE_MODULES = YES;
				CLANG_ENABLE_OBJC_ARC = YES;
				CLANG_ENABLE_OBJC_WEAK = YES;
				CLANG_WARN_BLOCK_CAPTURE_AUTORELEASING = YES;
				CLANG_WARN_BOOL_CONVERSION = YES;
				CLANG_WARN_COMMA = YES;
				CLANG_WARN_CONSTANT_CONVERSION = YES;
				CLANG_WARN_DEPRECATED_OBJC_IMPLEMENTATIONS = YES;
				CLANG_WARN_DIRECT_OBJC_ISA_USAGE = YES_ERROR;
				CLANG_WARN_DOCUMENTATION_COMMENTS = YES;
				CLANG_WARN_EMPTY_BODY = YES;
				CLANG_WARN_ENUM_CONVERSION = YES;
				CLANG_WARN_INFINITE_RECURSION = YES;
				CLANG_WARN_INT_CONVERSION = YES;
				CLANG_WARN_NON_LITERAL_NULL_CONVERSION = YES;
				CLANG_WARN_OBJC_IMPLICIT_RETAIN_SELF = YES;
				CLANG_WARN_OBJC_LITERAL_CONVERSION = YES;
				CLANG_WARN_OBJC_ROOT_CLASS = YES_ERROR;
				CLANG_WARN_QUOTED_INCLUDE_IN_FRAMEWORK_HEADER = YES;
				CLANG_WARN_RANGE_LOOP_ANALYSIS = YES;
				CLANG_WARN_STRICT_PROTOTYPES = YES;
				CLANG_WARN_SUSPICIOUS_MOVE = YES;
				CLANG_WARN_UNGUARDED_AVAILABILITY = YES_AGGRESSIVE;
				CLANG_WARN_UNREACHABLE_CODE = YES;
				CLANG_WARN__DUPLICATE_METHOD_MATCH = YES;
				COPY_PHASE_STRIP = NO;
				DEBUG_INFORMATION_FORMAT = dwarf;
				ENABLE_STRICT_OBJC_MSGSEND = YES;
				ENABLE_TESTABILITY = YES;
				GCC_C_LANGUAGE_STANDARD = gnu11;
				GCC_DYNAMIC_NO_PIC = NO;
				GCC_NO_COMMON_BLOCKS = YES;
				GCC_OPTIMIZATION_LEVEL = 0;
				GCC_PREPROCESSOR_DEFINITIONS = (
					"DEBUG=1",
					"$(inherited)",
				);
				GCC_WARN_64_TO_32_BIT_CONVERSION = YES;
				GCC_WARN_ABOUT_RETURN_TYPE = YES_ERROR;
				GCC_WARN_UNDECLARED_SELECTOR = YES;
				GCC_WARN_UNINITIALIZED_AUTOS = YES_AGGRESSIVE;
				GCC_WARN_UNUSED_FUNCTION = YES;
				GCC_WARN_UNUSED_VARIABLE = YES;
				IPHONEOS_DEPLOYMENT_TARGET = 15.0;
				MTL_ENABLE_DEBUG_INFO = INCLUDE_SOURCE;
				MTL_FAST_MATH = YES;
				ONLY_ACTIVE_ARCH = YES;
				SDKROOT = iphoneos;
				SWIFT_ACTIVE_COMPILATION_CONDITIONS = DEBUG;
				SWIFT_OPTIMIZATION_LEVEL = "-Onone";
			};
			name = Debug;
		};
		3A449DBA27607DB900610603 /* Release */ = {
			isa = XCBuildConfiguration;
			buildSettings = {
				ALWAYS_SEARCH_USER_PATHS = NO;
				CLANG_ANALYZER_NONNULL = YES;
				CLANG_ANALYZER_NUMBER_OBJECT_CONVERSION = YES_AGGRESSIVE;
				CLANG_CXX_LANGUAGE_STANDARD = "gnu++17";
				CLANG_CXX_LIBRARY = "libc++";
				CLANG_ENABLE_MODULES = YES;
				CLANG_ENABLE_OBJC_ARC = YES;
				CLANG_ENABLE_OBJC_WEAK = YES;
				CLANG_WARN_BLOCK_CAPTURE_AUTORELEASING = YES;
				CLANG_WARN_BOOL_CONVERSION = YES;
				CLANG_WARN_COMMA = YES;
				CLANG_WARN_CONSTANT_CONVERSION = YES;
				CLANG_WARN_DEPRECATED_OBJC_IMPLEMENTATIONS = YES;
				CLANG_WARN_DIRECT_OBJC_ISA_USAGE = YES_ERROR;
				CLANG_WARN_DOCUMENTATION_COMMENTS = YES;
				CLANG_WARN_EMPTY_BODY = YES;
				CLANG_WARN_ENUM_CONVERSION = YES;
				CLANG_WARN_INFINITE_RECURSION = YES;
				CLANG_WARN_INT_CONVERSION = YES;
				CLANG_WARN_NON_LITERAL_NULL_CONVERSION = YES;
				CLANG_WARN_OBJC_IMPLICIT_RETAIN_SELF = YES;
				CLANG_WARN_OBJC_LITERAL_CONVERSION = YES;
				CLANG_WARN_OBJC_ROOT_CLASS = YES_ERROR;
				CLANG_WARN_QUOTED_INCLUDE_IN_FRAMEWORK_HEADER = YES;
				CLANG_WARN_RANGE_LOOP_ANALYSIS = YES;
				CLANG_WARN_STRICT_PROTOTYPES = YES;
				CLANG_WARN_SUSPICIOUS_MOVE = YES;
				CLANG_WARN_UNGUARDED_AVAILABILITY = YES_AGGRESSIVE;
				CLANG_WARN_UNREACHABLE_CODE = YES;
				CLANG_WARN__DUPLICATE_METHOD_MATCH = YES;
				COPY_PHASE_STRIP = NO;
				DEBUG_INFORMATION_FORMAT = "dwarf-with-dsym";
				ENABLE_NS_ASSERTIONS = NO;
				ENABLE_STRICT_OBJC_MSGSEND = YES;
				GCC_C_LANGUAGE_STANDARD = gnu11;
				GCC_NO_COMMON_BLOCKS = YES;
				GCC_WARN_64_TO_32_BIT_CONVERSION = YES;
				GCC_WARN_ABOUT_RETURN_TYPE = YES_ERROR;
				GCC_WARN_UNDECLARED_SELECTOR = YES;
				GCC_WARN_UNINITIALIZED_AUTOS = YES_AGGRESSIVE;
				GCC_WARN_UNUSED_FUNCTION = YES;
				GCC_WARN_UNUSED_VARIABLE = YES;
				IPHONEOS_DEPLOYMENT_TARGET = 15.0;
				MTL_ENABLE_DEBUG_INFO = NO;
				MTL_FAST_MATH = YES;
				SDKROOT = iphoneos;
				SWIFT_COMPILATION_MODE = wholemodule;
				SWIFT_OPTIMIZATION_LEVEL = "-O";
				VALIDATE_PRODUCT = YES;
			};
			name = Release;
		};
		3A449DBC27607DB900610603 /* Debug */ = {
			isa = XCBuildConfiguration;
			baseConfigurationReference = CFAD73B32387E952089A4AE4 /* Pods-My Dogs.debug.xcconfig */;
			buildSettings = {
				ASSETCATALOG_COMPILER_APPICON_NAME = AppIcon;
				ASSETCATALOG_COMPILER_GLOBAL_ACCENT_COLOR_NAME = AccentColor;
				CODE_SIGN_STYLE = Automatic;
				CURRENT_PROJECT_VERSION = 1;
				GENERATE_INFOPLIST_FILE = YES;
				INFOPLIST_FILE = "My Dogs/Info.plist";
				INFOPLIST_KEY_UIApplicationSupportsIndirectInputEvents = YES;
				INFOPLIST_KEY_UILaunchStoryboardName = LaunchScreen;
				INFOPLIST_KEY_UIMainStoryboardFile = Main;
				INFOPLIST_KEY_UISupportedInterfaceOrientations_iPad = "UIInterfaceOrientationPortrait UIInterfaceOrientationPortraitUpsideDown UIInterfaceOrientationLandscapeLeft UIInterfaceOrientationLandscapeRight";
				INFOPLIST_KEY_UISupportedInterfaceOrientations_iPhone = "UIInterfaceOrientationPortrait UIInterfaceOrientationLandscapeLeft UIInterfaceOrientationLandscapeRight";
				LD_RUNPATH_SEARCH_PATHS = (
					"$(inherited)",
					"@executable_path/Frameworks",
				);
				MARKETING_VERSION = 1.0;
				PRODUCT_BUNDLE_IDENTIFIER = "faisal.My-Dogs";
				PRODUCT_NAME = "$(TARGET_NAME)";
				SWIFT_EMIT_LOC_STRINGS = YES;
				SWIFT_VERSION = 5.0;
				TARGETED_DEVICE_FAMILY = "1,2";
			};
			name = Debug;
		};
		3A449DBD27607DB900610603 /* Release */ = {
			isa = XCBuildConfiguration;
			baseConfigurationReference = 9D8486954CC5FFB871265236 /* Pods-My Dogs.release.xcconfig */;
			buildSettings = {
				ASSETCATALOG_COMPILER_APPICON_NAME = AppIcon;
				ASSETCATALOG_COMPILER_GLOBAL_ACCENT_COLOR_NAME = AccentColor;
				CODE_SIGN_STYLE = Automatic;
				CURRENT_PROJECT_VERSION = 1;
				GENERATE_INFOPLIST_FILE = YES;
				INFOPLIST_FILE = "My Dogs/Info.plist";
				INFOPLIST_KEY_UIApplicationSupportsIndirectInputEvents = YES;
				INFOPLIST_KEY_UILaunchStoryboardName = LaunchScreen;
				INFOPLIST_KEY_UIMainStoryboardFile = Main;
				INFOPLIST_KEY_UISupportedInterfaceOrientations_iPad = "UIInterfaceOrientationPortrait UIInterfaceOrientationPortraitUpsideDown UIInterfaceOrientationLandscapeLeft UIInterfaceOrientationLandscapeRight";
				INFOPLIST_KEY_UISupportedInterfaceOrientations_iPhone = "UIInterfaceOrientationPortrait UIInterfaceOrientationLandscapeLeft UIInterfaceOrientationLandscapeRight";
				LD_RUNPATH_SEARCH_PATHS = (
					"$(inherited)",
					"@executable_path/Frameworks",
				);
				MARKETING_VERSION = 1.0;
				PRODUCT_BUNDLE_IDENTIFIER = "faisal.My-Dogs";
				PRODUCT_NAME = "$(TARGET_NAME)";
				SWIFT_EMIT_LOC_STRINGS = YES;
				SWIFT_VERSION = 5.0;
				TARGETED_DEVICE_FAMILY = "1,2";
			};
			name = Release;
		};
		3A449DBF27607DB900610603 /* Debug */ = {
			isa = XCBuildConfiguration;
			baseConfigurationReference = 36792471686CD19F6D53DAB1 /* Pods-My DogsTests.debug.xcconfig */;
			buildSettings = {
				ALWAYS_EMBED_SWIFT_STANDARD_LIBRARIES = YES;
				BUNDLE_LOADER = "$(TEST_HOST)";
				CODE_SIGN_STYLE = Automatic;
				CURRENT_PROJECT_VERSION = 1;
				GENERATE_INFOPLIST_FILE = YES;
				IPHONEOS_DEPLOYMENT_TARGET = 15.0;
				LD_RUNPATH_SEARCH_PATHS = (
					"$(inherited)",
					"@executable_path/Frameworks",
					"@loader_path/Frameworks",
				);
				MARKETING_VERSION = 1.0;
				PRODUCT_BUNDLE_IDENTIFIER = "faisal.My-DogsTests";
				PRODUCT_NAME = "$(TARGET_NAME)";
				SWIFT_EMIT_LOC_STRINGS = NO;
				SWIFT_VERSION = 5.0;
				TARGETED_DEVICE_FAMILY = "1,2";
				TEST_HOST = "$(BUILT_PRODUCTS_DIR)/My Dogs.app/My Dogs";
			};
			name = Debug;
		};
		3A449DC027607DB900610603 /* Release */ = {
			isa = XCBuildConfiguration;
			baseConfigurationReference = 35B9B3D8E790731DE5B67BE0 /* Pods-My DogsTests.release.xcconfig */;
			buildSettings = {
				ALWAYS_EMBED_SWIFT_STANDARD_LIBRARIES = YES;
				BUNDLE_LOADER = "$(TEST_HOST)";
				CODE_SIGN_STYLE = Automatic;
				CURRENT_PROJECT_VERSION = 1;
				GENERATE_INFOPLIST_FILE = YES;
				IPHONEOS_DEPLOYMENT_TARGET = 15.0;
				LD_RUNPATH_SEARCH_PATHS = (
					"$(inherited)",
					"@executable_path/Frameworks",
					"@loader_path/Frameworks",
				);
				MARKETING_VERSION = 1.0;
				PRODUCT_BUNDLE_IDENTIFIER = "faisal.My-DogsTests";
				PRODUCT_NAME = "$(TARGET_NAME)";
				SWIFT_EMIT_LOC_STRINGS = NO;
				SWIFT_VERSION = 5.0;
				TARGETED_DEVICE_FAMILY = "1,2";
				TEST_HOST = "$(BUILT_PRODUCTS_DIR)/My Dogs.app/My Dogs";
			};
			name = Release;
		};
		3A449DC227607DB900610603 /* Debug */ = {
			isa = XCBuildConfiguration;
			baseConfigurationReference = C939263242A30754567196C4 /* Pods-My Dogs-My DogsUITests.debug.xcconfig */;
			buildSettings = {
				ALWAYS_EMBED_SWIFT_STANDARD_LIBRARIES = YES;
				CODE_SIGN_STYLE = Automatic;
				CURRENT_PROJECT_VERSION = 1;
				GENERATE_INFOPLIST_FILE = YES;
				LD_RUNPATH_SEARCH_PATHS = (
					"$(inherited)",
					"@executable_path/Frameworks",
					"@loader_path/Frameworks",
				);
				MARKETING_VERSION = 1.0;
				PRODUCT_BUNDLE_IDENTIFIER = "faisal.My-DogsUITests";
				PRODUCT_NAME = "$(TARGET_NAME)";
				SWIFT_EMIT_LOC_STRINGS = NO;
				SWIFT_VERSION = 5.0;
				TARGETED_DEVICE_FAMILY = "1,2";
				TEST_TARGET_NAME = "My Dogs";
			};
			name = Debug;
		};
		3A449DC327607DB900610603 /* Release */ = {
			isa = XCBuildConfiguration;
			baseConfigurationReference = 656ACFEA872DE0B398D0E98E /* Pods-My Dogs-My DogsUITests.release.xcconfig */;
			buildSettings = {
				ALWAYS_EMBED_SWIFT_STANDARD_LIBRARIES = YES;
				CODE_SIGN_STYLE = Automatic;
				CURRENT_PROJECT_VERSION = 1;
				GENERATE_INFOPLIST_FILE = YES;
				LD_RUNPATH_SEARCH_PATHS = (
					"$(inherited)",
					"@executable_path/Frameworks",
					"@loader_path/Frameworks",
				);
				MARKETING_VERSION = 1.0;
				PRODUCT_BUNDLE_IDENTIFIER = "faisal.My-DogsUITests";
				PRODUCT_NAME = "$(TARGET_NAME)";
				SWIFT_EMIT_LOC_STRINGS = NO;
				SWIFT_VERSION = 5.0;
				TARGETED_DEVICE_FAMILY = "1,2";
				TEST_TARGET_NAME = "My Dogs";
			};
			name = Release;
		};
/* End XCBuildConfiguration section */

/* Begin XCConfigurationList section */
		3A449D8927607DB700610603 /* Build configuration list for PBXProject "My Dogs" */ = {
			isa = XCConfigurationList;
			buildConfigurations = (
				3A449DB927607DB900610603 /* Debug */,
				3A449DBA27607DB900610603 /* Release */,
			);
			defaultConfigurationIsVisible = 0;
			defaultConfigurationName = Release;
		};
		3A449DBB27607DB900610603 /* Build configuration list for PBXNativeTarget "My Dogs" */ = {
			isa = XCConfigurationList;
			buildConfigurations = (
				3A449DBC27607DB900610603 /* Debug */,
				3A449DBD27607DB900610603 /* Release */,
			);
			defaultConfigurationIsVisible = 0;
			defaultConfigurationName = Release;
		};
		3A449DBE27607DB900610603 /* Build configuration list for PBXNativeTarget "My DogsTests" */ = {
			isa = XCConfigurationList;
			buildConfigurations = (
				3A449DBF27607DB900610603 /* Debug */,
				3A449DC027607DB900610603 /* Release */,
			);
			defaultConfigurationIsVisible = 0;
			defaultConfigurationName = Release;
		};
		3A449DC127607DB900610603 /* Build configuration list for PBXNativeTarget "My DogsUITests" */ = {
			isa = XCConfigurationList;
			buildConfigurations = (
				3A449DC227607DB900610603 /* Debug */,
				3A449DC327607DB900610603 /* Release */,
			);
			defaultConfigurationIsVisible = 0;
			defaultConfigurationName = Release;
		};
/* End XCConfigurationList section */

/* Begin XCVersionGroup section */
		3A449D9A27607DB700610603 /* My_Dogs.xcdatamodeld */ = {
			isa = XCVersionGroup;
			children = (
				3A449D9B27607DB700610603 /* My_Dogs.xcdatamodel */,
			);
			currentVersion = 3A449D9B27607DB700610603 /* My_Dogs.xcdatamodel */;
			path = My_Dogs.xcdatamodeld;
			sourceTree = "<group>";
			versionGroupType = wrapper.xcdatamodel;
		};
/* End XCVersionGroup section */
	};
	rootObject = 3A449D8627607DB700610603 /* Project object */;
}
